
Microsoft Visual Studio Solution File, Format Version 12.00
# Visual Studio Version 16
VisualStudioVersion = 16.0.30611.23
MinimumVisualStudioVersion = 10.0.40219.1
Project("{FAE04EC0-301F-11D3-BF4B-00C04F79EFBC}") = "HWScheduler", "HWScheduler\HWScheduler.csproj", "{68D67371-4ADB-43D0-AFFA-9990251E1C22}"
EndProject
Global
	GlobalSection(SolutionConfigurationPlatforms) = preSolution
		Debug|Any CPU = Debug|Any CPU
		Release|Any CPU = Release|Any CPU
	EndGlobalSection
	GlobalSection(ProjectConfigurationPlatforms) = postSolution
		{68D67371-4ADB-43D0-AFFA-9990251E1C22}.Debug|Any CPU.ActiveCfg = Debug|Any CPU
		{68D67371-4ADB-43D0-AFFA-9990251E1C22}.Debug|Any CPU.Build.0 = Debug|Any CPU
		{68D67371-4ADB-43D0-AFFA-9990251E1C22}.Release|Any CPU.ActiveCfg = Release|Any CPU
		{68D67371-4ADB-43D0-AFFA-9990251E1C22}.Release|Any CPU.Build.0 = Release|Any CPU
	EndGlobalSection
	GlobalSection(SolutionProperties) = preSolution
		HideSolutionNode = FALSE
	EndGlobalSection
	GlobalSection(ExtensibilityGlobals) = postSolution
		SolutionGuid = {A8C29944-A903-43C7-929B-C6B1342ED0EC}
	EndGlobalSection
EndGlobal
