
Microsoft Visual Studio Solution File, Format Version 12.00
# Visual Studio Version 16
VisualStudioVersion = 16.0.30611.23
MinimumVisualStudioVersion = 15.0.26124.0
Project("{9A19103F-16F7-4668-BE54-9A1E7A4F7556}") = "Proj", "..\Sol\Proj\Proj.csproj", "{618323B4-3EEF-45BE-8187-18F780745DCB}"
EndProject
Global
	GlobalSection(SolutionConfigurationPlatforms) = preSolution
		Debug|Any CPU = Debug|Any CPU
		Debug|x64 = Debug|x64
		Debug|x86 = Debug|x86
		Release|Any CPU = Release|Any CPU
		Release|x64 = Release|x64
		Release|x86 = Release|x86
	EndGlobalSection
	GlobalSection(ProjectConfigurationPlatforms) = postSolution
		{618323B4-3EEF-45BE-8187-18F780745DCB}.Debug|Any CPU.ActiveCfg = Debug|Any CPU
		{618323B4-3EEF-45BE-8187-18F780745DCB}.Debug|Any CPU.Build.0 = Debug|Any CPU
		{618323B4-3EEF-45BE-8187-18F780745DCB}.Debug|x64.ActiveCfg = Debug|Any CPU
		{618323B4-3EEF-45BE-8187-18F780745DCB}.Debug|x64.Build.0 = Debug|Any CPU
		{618323B4-3EEF-45BE-8187-18F780745DCB}.Debug|x86.ActiveCfg = Debug|Any CPU
		{618323B4-3EEF-45BE-8187-18F780745DCB}.Debug|x86.Build.0 = Debug|Any CPU
		{618323B4-3EEF-45BE-8187-18F780745DCB}.Release|Any CPU.ActiveCfg = Release|Any CPU
		{618323B4-3EEF-45BE-8187-18F780745DCB}.Release|Any CPU.Build.0 = Release|Any CPU
		{618323B4-3EEF-45BE-8187-18F780745DCB}.Release|x64.ActiveCfg = Release|Any CPU
		{618323B4-3EEF-45BE-8187-18F780745DCB}.Release|x64.Build.0 = Release|Any CPU
		{618323B4-3EEF-45BE-8187-18F780745DCB}.Release|x86.ActiveCfg = Release|Any CPU
		{618323B4-3EEF-45BE-8187-18F780745DCB}.Release|x86.Build.0 = Release|Any CPU
	EndGlobalSection
	GlobalSection(SolutionProperties) = preSolution
		HideSolutionNode = FALSE
	EndGlobalSection
	GlobalSection(ExtensibilityGlobals) = postSolution
		SolutionGuid = {A4825852-7CFD-4B9D-99CB-D7CF9712D98F}
	EndGlobalSection
EndGlobal
